// !$*UTF8*$!
{
	archiveVersion = 1;
	classes = {
	};
	objectVersion = 56;
	objects = {

/* Begin PBXBuildFile section */
		065952252C67276D0048821E /* AppDelegate.swift in Sources */ = {isa = PBXBuildFile; fileRef = 065952242C67276D0048821E /* AppDelegate.swift */; };
		065952272C67276D0048821E /* SceneDelegate.swift in Sources */ = {isa = PBXBuildFile; fileRef = 065952262C67276D0048821E /* SceneDelegate.swift */; };
		0659522E2C67276F0048821E /* Assets.xcassets in Resources */ = {isa = PBXBuildFile; fileRef = 0659522D2C67276F0048821E /* Assets.xcassets */; };
		065952312C67276F0048821E /* Base in Resources */ = {isa = PBXBuildFile; fileRef = 065952302C67276F0048821E /* Base */; };
		065952402C6727F30048821E /* BaseCollectioViewCell.swift in Sources */ = {isa = PBXBuildFile; fileRef = 0659523A2C6727F30048821E /* BaseCollectioViewCell.swift */; };
		065952412C6727F30048821E /* BaseView.swift in Sources */ = {isa = PBXBuildFile; fileRef = 0659523B2C6727F30048821E /* BaseView.swift */; };
		065952422C6727F30048821E /* BaseViewController.swift in Sources */ = {isa = PBXBuildFile; fileRef = 0659523C2C6727F30048821E /* BaseViewController.swift */; };
		065952442C6727F30048821E /* TabBarController.swift in Sources */ = {isa = PBXBuildFile; fileRef = 0659523E2C6727F30048821E /* TabBarController.swift */; };
		065952492C6728830048821E /* .gitignore in Resources */ = {isa = PBXBuildFile; fileRef = 065952482C6728830048821E /* .gitignore */; };
		065952502C6729800048821E /* SearchViewController.swift in Sources */ = {isa = PBXBuildFile; fileRef = 0659524F2C6729800048821E /* SearchViewController.swift */; };
		065952522C6729B30048821E /* ArcadeViewController.swift in Sources */ = {isa = PBXBuildFile; fileRef = 065952512C6729B30048821E /* ArcadeViewController.swift */; };
		065952552C6741A80048821E /* ReuseIdentifier+.swift in Sources */ = {isa = PBXBuildFile; fileRef = 065952542C6741A80048821E /* ReuseIdentifier+.swift */; };
		065952582C6741F30048821E /* Then in Frameworks */ = {isa = PBXBuildFile; productRef = 065952572C6741F30048821E /* Then */; };
		0659525B2C6742080048821E /* RxCocoa in Frameworks */ = {isa = PBXBuildFile; productRef = 0659525A2C6742080048821E /* RxCocoa */; };
		0659525D2C6742080048821E /* RxSwift in Frameworks */ = {isa = PBXBuildFile; productRef = 0659525C2C6742080048821E /* RxSwift */; };
		065952602C6742120048821E /* Kingfisher in Frameworks */ = {isa = PBXBuildFile; productRef = 0659525F2C6742120048821E /* Kingfisher */; };
		065952632C67421A0048821E /* SnapKit in Frameworks */ = {isa = PBXBuildFile; productRef = 065952622C67421A0048821E /* SnapKit */; };
		065952662C6742270048821E /* IQKeyboardManagerSwift in Frameworks */ = {isa = PBXBuildFile; productRef = 065952652C6742270048821E /* IQKeyboardManagerSwift */; };
		065952682C67437C0048821E /* SearchItemTableCell.swift in Sources */ = {isa = PBXBuildFile; fileRef = 065952672C67437C0048821E /* SearchItemTableCell.swift */; };
		0659526A2C6743C50048821E /* BaseTableViewCell.swift in Sources */ = {isa = PBXBuildFile; fileRef = 065952692C6743C50048821E /* BaseTableViewCell.swift */; };
		0659526C2C6744E40048821E /* SearchViewModel.swift in Sources */ = {isa = PBXBuildFile; fileRef = 0659526B2C6744E40048821E /* SearchViewModel.swift */; };
		065952702C674E110048821E /* SearchDTO.swift in Sources */ = {isa = PBXBuildFile; fileRef = 0659526F2C674E110048821E /* SearchDTO.swift */; };
		065952722C67524D0048821E /* NetworkManager.swift in Sources */ = {isa = PBXBuildFile; fileRef = 065952712C67524D0048821E /* NetworkManager.swift */; };
		065952742C6752B50048821E /* APIKey.swift in Sources */ = {isa = PBXBuildFile; fileRef = 065952732C6752B50048821E /* APIKey.swift */; };
		065952762C67542A0048821E /* APIError.swift in Sources */ = {isa = PBXBuildFile; fileRef = 065952752C67542A0048821E /* APIError.swift */; };
		065952782C67B0F70048821E /* SearchModel.swift in Sources */ = {isa = PBXBuildFile; fileRef = 065952772C67B0F70048821E /* SearchModel.swift */; };
		0659527A2C68B6600048821E /* DetailSearchViewController.swift in Sources */ = {isa = PBXBuildFile; fileRef = 065952792C68B6600048821E /* DetailSearchViewController.swift */; };
		0659527C2C68C0650048821E /* DetailSearchViewModel.swift in Sources */ = {isa = PBXBuildFile; fileRef = 0659527B2C68C0650048821E /* DetailSearchViewModel.swift */; };
		0659527E2C68FFC40048821E /* ScreenCollectioCell.swift in Sources */ = {isa = PBXBuildFile; fileRef = 0659527D2C68FFC40048821E /* ScreenCollectioCell.swift */; };
		065952872C6A4CD60048821E /* BaseViewModel.swift in Sources */ = {isa = PBXBuildFile; fileRef = 065952862C6A4CD60048821E /* BaseViewModel.swift */; };
/* End PBXBuildFile section */

/* Begin PBXFileReference section */
		065952212C67276D0048821E /* AppstoreProject.app */ = {isa = PBXFileReference; explicitFileType = wrapper.application; includeInIndex = 0; path = AppstoreProject.app; sourceTree = BUILT_PRODUCTS_DIR; };
		065952242C67276D0048821E /* AppDelegate.swift */ = {isa = PBXFileReference; lastKnownFileType = sourcecode.swift; path = AppDelegate.swift; sourceTree = "<group>"; };
		065952262C67276D0048821E /* SceneDelegate.swift */ = {isa = PBXFileReference; lastKnownFileType = sourcecode.swift; path = SceneDelegate.swift; sourceTree = "<group>"; };
		0659522D2C67276F0048821E /* Assets.xcassets */ = {isa = PBXFileReference; lastKnownFileType = folder.assetcatalog; path = Assets.xcassets; sourceTree = "<group>"; };
		065952302C67276F0048821E /* Base */ = {isa = PBXFileReference; lastKnownFileType = file.storyboard; name = Base; path = Base.lproj/LaunchScreen.storyboard; sourceTree = "<group>"; };
		065952322C67276F0048821E /* Info.plist */ = {isa = PBXFileReference; lastKnownFileType = text.plist.xml; path = Info.plist; sourceTree = "<group>"; };
		0659523A2C6727F30048821E /* BaseCollectioViewCell.swift */ = {isa = PBXFileReference; fileEncoding = 4; lastKnownFileType = sourcecode.swift; path = BaseCollectioViewCell.swift; sourceTree = "<group>"; };
		0659523B2C6727F30048821E /* BaseView.swift */ = {isa = PBXFileReference; fileEncoding = 4; lastKnownFileType = sourcecode.swift; path = BaseView.swift; sourceTree = "<group>"; };
		0659523C2C6727F30048821E /* BaseViewController.swift */ = {isa = PBXFileReference; fileEncoding = 4; lastKnownFileType = sourcecode.swift; path = BaseViewController.swift; sourceTree = "<group>"; };
		0659523E2C6727F30048821E /* TabBarController.swift */ = {isa = PBXFileReference; fileEncoding = 4; lastKnownFileType = sourcecode.swift; path = TabBarController.swift; sourceTree = "<group>"; };
		065952482C6728830048821E /* .gitignore */ = {isa = PBXFileReference; lastKnownFileType = text; path = .gitignore; sourceTree = "<group>"; };
		0659524F2C6729800048821E /* SearchViewController.swift */ = {isa = PBXFileReference; lastKnownFileType = sourcecode.swift; path = SearchViewController.swift; sourceTree = "<group>"; };
		065952512C6729B30048821E /* ArcadeViewController.swift */ = {isa = PBXFileReference; lastKnownFileType = sourcecode.swift; path = ArcadeViewController.swift; sourceTree = "<group>"; };
		065952542C6741A80048821E /* ReuseIdentifier+.swift */ = {isa = PBXFileReference; fileEncoding = 4; lastKnownFileType = sourcecode.swift; path = "ReuseIdentifier+.swift"; sourceTree = "<group>"; };
		065952672C67437C0048821E /* SearchItemTableCell.swift */ = {isa = PBXFileReference; lastKnownFileType = sourcecode.swift; path = SearchItemTableCell.swift; sourceTree = "<group>"; };
		065952692C6743C50048821E /* BaseTableViewCell.swift */ = {isa = PBXFileReference; lastKnownFileType = sourcecode.swift; path = BaseTableViewCell.swift; sourceTree = "<group>"; };
		0659526B2C6744E40048821E /* SearchViewModel.swift */ = {isa = PBXFileReference; lastKnownFileType = sourcecode.swift; path = SearchViewModel.swift; sourceTree = "<group>"; };
		0659526F2C674E110048821E /* SearchDTO.swift */ = {isa = PBXFileReference; lastKnownFileType = sourcecode.swift; path = SearchDTO.swift; sourceTree = "<group>"; };
		065952712C67524D0048821E /* NetworkManager.swift */ = {isa = PBXFileReference; lastKnownFileType = sourcecode.swift; path = NetworkManager.swift; sourceTree = "<group>"; };
		065952732C6752B50048821E /* APIKey.swift */ = {isa = PBXFileReference; lastKnownFileType = sourcecode.swift; path = APIKey.swift; sourceTree = "<group>"; };
		065952752C67542A0048821E /* APIError.swift */ = {isa = PBXFileReference; lastKnownFileType = sourcecode.swift; path = APIError.swift; sourceTree = "<group>"; };
		065952772C67B0F70048821E /* SearchModel.swift */ = {isa = PBXFileReference; lastKnownFileType = sourcecode.swift; path = SearchModel.swift; sourceTree = "<group>"; };
		065952792C68B6600048821E /* DetailSearchViewController.swift */ = {isa = PBXFileReference; lastKnownFileType = sourcecode.swift; path = DetailSearchViewController.swift; sourceTree = "<group>"; };
		0659527B2C68C0650048821E /* DetailSearchViewModel.swift */ = {isa = PBXFileReference; lastKnownFileType = sourcecode.swift; path = DetailSearchViewModel.swift; sourceTree = "<group>"; };
		0659527D2C68FFC40048821E /* ScreenCollectioCell.swift */ = {isa = PBXFileReference; lastKnownFileType = sourcecode.swift; path = ScreenCollectioCell.swift; sourceTree = "<group>"; };
		065952862C6A4CD60048821E /* BaseViewModel.swift */ = {isa = PBXFileReference; lastKnownFileType = sourcecode.swift; path = BaseViewModel.swift; sourceTree = "<group>"; };
/* End PBXFileReference section */

/* Begin PBXFrameworksBuildPhase section */
		0659521E2C67276D0048821E /* Frameworks */ = {
			isa = PBXFrameworksBuildPhase;
			buildActionMask = 2147483647;
			files = (
				065952602C6742120048821E /* Kingfisher in Frameworks */,
				0659525D2C6742080048821E /* RxSwift in Frameworks */,
				0659525B2C6742080048821E /* RxCocoa in Frameworks */,
				065952582C6741F30048821E /* Then in Frameworks */,
				065952632C67421A0048821E /* SnapKit in Frameworks */,
				065952662C6742270048821E /* IQKeyboardManagerSwift in Frameworks */,
			);
			runOnlyForDeploymentPostprocessing = 0;
		};
/* End PBXFrameworksBuildPhase section */

/* Begin PBXGroup section */
		065952182C67276D0048821E = {
			isa = PBXGroup;
			children = (
				065952482C6728830048821E /* .gitignore */,
				065952232C67276D0048821E /* AppstoreProject */,
				065952222C67276D0048821E /* Products */,
			);
			sourceTree = "<group>";
		};
		065952222C67276D0048821E /* Products */ = {
			isa = PBXGroup;
			children = (
				065952212C67276D0048821E /* AppstoreProject.app */,
			);
			name = Products;
			sourceTree = "<group>";
		};
		065952232C67276D0048821E /* AppstoreProject */ = {
			isa = PBXGroup;
			children = (
				065952242C67276D0048821E /* AppDelegate.swift */,
				065952262C67276D0048821E /* SceneDelegate.swift */,
				065952532C67418D0048821E /* Extiones+ */,
				0659524A2C6728AA0048821E /* Service */,
				065952452C6728010048821E /* Model */,
				065952462C6728060048821E /* VC */,
				0659522D2C67276F0048821E /* Assets.xcassets */,
				0659522F2C67276F0048821E /* LaunchScreen.storyboard */,
				065952322C67276F0048821E /* Info.plist */,
			);
			path = AppstoreProject;
			sourceTree = "<group>";
		};
		0659523F2C6727F30048821E /* Base */ = {
			isa = PBXGroup;
			children = (
				0659523B2C6727F30048821E /* BaseView.swift */,
				0659523C2C6727F30048821E /* BaseViewController.swift */,
				0659523E2C6727F30048821E /* TabBarController.swift */,
				065952692C6743C50048821E /* BaseTableViewCell.swift */,
				0659523A2C6727F30048821E /* BaseCollectioViewCell.swift */,
				065952862C6A4CD60048821E /* BaseViewModel.swift */,
			);
			path = Base;
			sourceTree = "<group>";
		};
		065952452C6728010048821E /* Model */ = {
			isa = PBXGroup;
			children = (
				065952772C67B0F70048821E /* SearchModel.swift */,
			);
			path = Model;
			sourceTree = "<group>";
		};
		065952462C6728060048821E /* VC */ = {
			isa = PBXGroup;
			children = (
				0659523F2C6727F30048821E /* Base */,
				0659524E2C6728F20048821E /* Search */,
				0659524D2C6728D10048821E /* Arcade */,
				0659524C2C6728CB0048821E /* App */,
				0659524B2C6728C40048821E /* Game */,
				065952472C6728350048821E /* Today */,
			);
			path = VC;
			sourceTree = "<group>";
		};
		065952472C6728350048821E /* Today */ = {
			isa = PBXGroup;
			children = (
			);
			path = Today;
			sourceTree = "<group>";
		};
		0659524A2C6728AA0048821E /* Service */ = {
			isa = PBXGroup;
			children = (
				065952732C6752B50048821E /* APIKey.swift */,
				0659526F2C674E110048821E /* SearchDTO.swift */,
				065952752C67542A0048821E /* APIError.swift */,
				065952712C67524D0048821E /* NetworkManager.swift */,
			);
			path = Service;
			sourceTree = "<group>";
		};
		0659524B2C6728C40048821E /* Game */ = {
			isa = PBXGroup;
			children = (
			);
			path = Game;
			sourceTree = "<group>";
		};
		0659524C2C6728CB0048821E /* App */ = {
			isa = PBXGroup;
			children = (
			);
			path = App;
			sourceTree = "<group>";
		};
		0659524D2C6728D10048821E /* Arcade */ = {
			isa = PBXGroup;
			children = (
				065952512C6729B30048821E /* ArcadeViewController.swift */,
			);
			path = Arcade;
			sourceTree = "<group>";
		};
		0659524E2C6728F20048821E /* Search */ = {
			isa = PBXGroup;
			children = (
				065952672C67437C0048821E /* SearchItemTableCell.swift */,
				0659524F2C6729800048821E /* SearchViewController.swift */,
				0659526B2C6744E40048821E /* SearchViewModel.swift */,
				065952792C68B6600048821E /* DetailSearchViewController.swift */,
				0659527B2C68C0650048821E /* DetailSearchViewModel.swift */,
				0659527D2C68FFC40048821E /* ScreenCollectioCell.swift */,
			);
			path = Search;
			sourceTree = "<group>";
		};
		065952532C67418D0048821E /* Extiones+ */ = {
			isa = PBXGroup;
			children = (
				065952542C6741A80048821E /* ReuseIdentifier+.swift */,
			);
			path = "Extiones+";
			sourceTree = "<group>";
		};
/* End PBXGroup section */

/* Begin PBXNativeTarget section */
		065952202C67276D0048821E /* AppstoreProject */ = {
			isa = PBXNativeTarget;
			buildConfigurationList = 065952352C67276F0048821E /* Build configuration list for PBXNativeTarget "AppstoreProject" */;
			buildPhases = (
				0659521D2C67276D0048821E /* Sources */,
				0659521E2C67276D0048821E /* Frameworks */,
				0659521F2C67276D0048821E /* Resources */,
			);
			buildRules = (
			);
			dependencies = (
			);
			name = AppstoreProject;
			packageProductDependencies = (
				065952572C6741F30048821E /* Then */,
				0659525A2C6742080048821E /* RxCocoa */,
				0659525C2C6742080048821E /* RxSwift */,
				0659525F2C6742120048821E /* Kingfisher */,
				065952622C67421A0048821E /* SnapKit */,
				065952652C6742270048821E /* IQKeyboardManagerSwift */,
			);
			productName = AppstoreProject;
			productReference = 065952212C67276D0048821E /* AppstoreProject.app */;
			productType = "com.apple.product-type.application";
		};
/* End PBXNativeTarget section */

/* Begin PBXProject section */
		065952192C67276D0048821E /* Project object */ = {
			isa = PBXProject;
			attributes = {
				BuildIndependentTargetsInParallel = 1;
				LastSwiftUpdateCheck = 1540;
				LastUpgradeCheck = 1540;
				TargetAttributes = {
					065952202C67276D0048821E = {
						CreatedOnToolsVersion = 15.4;
					};
				};
			};
			buildConfigurationList = 0659521C2C67276D0048821E /* Build configuration list for PBXProject "AppstoreProject" */;
			compatibilityVersion = "Xcode 14.0";
			developmentRegion = en;
			hasScannedForEncodings = 0;
			knownRegions = (
				en,
				Base,
			);
			mainGroup = 065952182C67276D0048821E;
			packageReferences = (
				065952562C6741F30048821E /* XCRemoteSwiftPackageReference "Then" */,
				065952592C6742080048821E /* XCRemoteSwiftPackageReference "RxSwift" */,
				0659525E2C6742120048821E /* XCRemoteSwiftPackageReference "Kingfisher" */,
				065952612C67421A0048821E /* XCRemoteSwiftPackageReference "SnapKit" */,
				065952642C6742270048821E /* XCRemoteSwiftPackageReference "IQKeyboardManager" */,
			);
			productRefGroup = 065952222C67276D0048821E /* Products */;
			projectDirPath = "";
			projectRoot = "";
			targets = (
				065952202C67276D0048821E /* AppstoreProject */,
			);
		};
/* End PBXProject section */

/* Begin PBXResourcesBuildPhase section */
		0659521F2C67276D0048821E /* Resources */ = {
			isa = PBXResourcesBuildPhase;
			buildActionMask = 2147483647;
			files = (
				0659522E2C67276F0048821E /* Assets.xcassets in Resources */,
				065952492C6728830048821E /* .gitignore in Resources */,
				065952312C67276F0048821E /* Base in Resources */,
			);
			runOnlyForDeploymentPostprocessing = 0;
		};
/* End PBXResourcesBuildPhase section */

/* Begin PBXSourcesBuildPhase section */
		0659521D2C67276D0048821E /* Sources */ = {
			isa = PBXSourcesBuildPhase;
			buildActionMask = 2147483647;
			files = (
				065952422C6727F30048821E /* BaseViewController.swift in Sources */,
				065952502C6729800048821E /* SearchViewController.swift in Sources */,
				065952402C6727F30048821E /* BaseCollectioViewCell.swift in Sources */,
				065952252C67276D0048821E /* AppDelegate.swift in Sources */,
				0659527C2C68C0650048821E /* DetailSearchViewModel.swift in Sources */,
				065952742C6752B50048821E /* APIKey.swift in Sources */,
				065952522C6729B30048821E /* ArcadeViewController.swift in Sources */,
				0659526A2C6743C50048821E /* BaseTableViewCell.swift in Sources */,
				0659526C2C6744E40048821E /* SearchViewModel.swift in Sources */,
				065952682C67437C0048821E /* SearchItemTableCell.swift in Sources */,
				065952702C674E110048821E /* SearchDTO.swift in Sources */,
				065952782C67B0F70048821E /* SearchModel.swift in Sources */,
				065952442C6727F30048821E /* TabBarController.swift in Sources */,
				065952722C67524D0048821E /* NetworkManager.swift in Sources */,
				065952552C6741A80048821E /* ReuseIdentifier+.swift in Sources */,
				0659527A2C68B6600048821E /* DetailSearchViewController.swift in Sources */,
				065952762C67542A0048821E /* APIError.swift in Sources */,
				065952872C6A4CD60048821E /* BaseViewModel.swift in Sources */,
				065952272C67276D0048821E /* SceneDelegate.swift in Sources */,
				0659527E2C68FFC40048821E /* ScreenCollectioCell.swift in Sources */,
				065952412C6727F30048821E /* BaseView.swift in Sources */,
			);
			runOnlyForDeploymentPostprocessing = 0;
		};
/* End PBXSourcesBuildPhase section */

/* Begin PBXVariantGroup section */
		0659522F2C67276F0048821E /* LaunchScreen.storyboard */ = {
			isa = PBXVariantGroup;
			children = (
				065952302C67276F0048821E /* Base */,
			);
			name = LaunchScreen.storyboard;
			sourceTree = "<group>";
		};
/* End PBXVariantGroup section */

/* Begin XCBuildConfiguration section */
		065952332C67276F0048821E /* Debug */ = {
			isa = XCBuildConfiguration;
			buildSettings = {
				ALWAYS_SEARCH_USER_PATHS = NO;
				ASSETCATALOG_COMPILER_GENERATE_SWIFT_ASSET_SYMBOL_EXTENSIONS = YES;
				CLANG_ANALYZER_NONNULL = YES;
				CLANG_ANALYZER_NUMBER_OBJECT_CONVERSION = YES_AGGRESSIVE;
				CLANG_CXX_LANGUAGE_STANDARD = "gnu++20";
				CLANG_ENABLE_MODULES = YES;
				CLANG_ENABLE_OBJC_ARC = YES;
				CLANG_ENABLE_OBJC_WEAK = YES;
				CLANG_WARN_BLOCK_CAPTURE_AUTORELEASING = YES;
				CLANG_WARN_BOOL_CONVERSION = YES;
				CLANG_WARN_COMMA = YES;
				CLANG_WARN_CONSTANT_CONVERSION = YES;
				CLANG_WARN_DEPRECATED_OBJC_IMPLEMENTATIONS = YES;
				CLANG_WARN_DIRECT_OBJC_ISA_USAGE = YES_ERROR;
				CLANG_WARN_DOCUMENTATION_COMMENTS = YES;
				CLANG_WARN_EMPTY_BODY = YES;
				CLANG_WARN_ENUM_CONVERSION = YES;
				CLANG_WARN_INFINITE_RECURSION = YES;
				CLANG_WARN_INT_CONVERSION = YES;
				CLANG_WARN_NON_LITERAL_NULL_CONVERSION = YES;
				CLANG_WARN_OBJC_IMPLICIT_RETAIN_SELF = YES;
				CLANG_WARN_OBJC_LITERAL_CONVERSION = YES;
				CLANG_WARN_OBJC_ROOT_CLASS = YES_ERROR;
				CLANG_WARN_QUOTED_INCLUDE_IN_FRAMEWORK_HEADER = YES;
				CLANG_WARN_RANGE_LOOP_ANALYSIS = YES;
				CLANG_WARN_STRICT_PROTOTYPES = YES;
				CLANG_WARN_SUSPICIOUS_MOVE = YES;
				CLANG_WARN_UNGUARDED_AVAILABILITY = YES_AGGRESSIVE;
				CLANG_WARN_UNREACHABLE_CODE = YES;
				CLANG_WARN__DUPLICATE_METHOD_MATCH = YES;
				COPY_PHASE_STRIP = NO;
				DEBUG_INFORMATION_FORMAT = dwarf;
				ENABLE_STRICT_OBJC_MSGSEND = YES;
				ENABLE_TESTABILITY = YES;
				ENABLE_USER_SCRIPT_SANDBOXING = YES;
				GCC_C_LANGUAGE_STANDARD = gnu17;
				GCC_DYNAMIC_NO_PIC = NO;
				GCC_NO_COMMON_BLOCKS = YES;
				GCC_OPTIMIZATION_LEVEL = 0;
				GCC_PREPROCESSOR_DEFINITIONS = (
					"DEBUG=1",
					"$(inherited)",
				);
				GCC_WARN_64_TO_32_BIT_CONVERSION = YES;
				GCC_WARN_ABOUT_RETURN_TYPE = YES_ERROR;
				GCC_WARN_UNDECLARED_SELECTOR = YES;
				GCC_WARN_UNINITIALIZED_AUTOS = YES_AGGRESSIVE;
				GCC_WARN_UNUSED_FUNCTION = YES;
				GCC_WARN_UNUSED_VARIABLE = YES;
				IPHONEOS_DEPLOYMENT_TARGET = 17.5;
				LOCALIZATION_PREFERS_STRING_CATALOGS = YES;
				MTL_ENABLE_DEBUG_INFO = INCLUDE_SOURCE;
				MTL_FAST_MATH = YES;
				ONLY_ACTIVE_ARCH = YES;
				SDKROOT = iphoneos;
				SWIFT_ACTIVE_COMPILATION_CONDITIONS = "DEBUG $(inherited)";
				SWIFT_OPTIMIZATION_LEVEL = "-Onone";
			};
			name = Debug;
		};
		065952342C67276F0048821E /* Release */ = {
			isa = XCBuildConfiguration;
			buildSettings = {
				ALWAYS_SEARCH_USER_PATHS = NO;
				ASSETCATALOG_COMPILER_GENERATE_SWIFT_ASSET_SYMBOL_EXTENSIONS = YES;
				CLANG_ANALYZER_NONNULL = YES;
				CLANG_ANALYZER_NUMBER_OBJECT_CONVERSION = YES_AGGRESSIVE;
				CLANG_CXX_LANGUAGE_STANDARD = "gnu++20";
				CLANG_ENABLE_MODULES = YES;
				CLANG_ENABLE_OBJC_ARC = YES;
				CLANG_ENABLE_OBJC_WEAK = YES;
				CLANG_WARN_BLOCK_CAPTURE_AUTORELEASING = YES;
				CLANG_WARN_BOOL_CONVERSION = YES;
				CLANG_WARN_COMMA = YES;
				CLANG_WARN_CONSTANT_CONVERSION = YES;
				CLANG_WARN_DEPRECATED_OBJC_IMPLEMENTATIONS = YES;
				CLANG_WARN_DIRECT_OBJC_ISA_USAGE = YES_ERROR;
				CLANG_WARN_DOCUMENTATION_COMMENTS = YES;
				CLANG_WARN_EMPTY_BODY = YES;
				CLANG_WARN_ENUM_CONVERSION = YES;
				CLANG_WARN_INFINITE_RECURSION = YES;
				CLANG_WARN_INT_CONVERSION = YES;
				CLANG_WARN_NON_LITERAL_NULL_CONVERSION = YES;
				CLANG_WARN_OBJC_IMPLICIT_RETAIN_SELF = YES;
				CLANG_WARN_OBJC_LITERAL_CONVERSION = YES;
				CLANG_WARN_OBJC_ROOT_CLASS = YES_ERROR;
				CLANG_WARN_QUOTED_INCLUDE_IN_FRAMEWORK_HEADER = YES;
				CLANG_WARN_RANGE_LOOP_ANALYSIS = YES;
				CLANG_WARN_STRICT_PROTOTYPES = YES;
				CLANG_WARN_SUSPICIOUS_MOVE = YES;
				CLANG_WARN_UNGUARDED_AVAILABILITY = YES_AGGRESSIVE;
				CLANG_WARN_UNREACHABLE_CODE = YES;
				CLANG_WARN__DUPLICATE_METHOD_MATCH = YES;
				COPY_PHASE_STRIP = NO;
				DEBUG_INFORMATION_FORMAT = "dwarf-with-dsym";
				ENABLE_NS_ASSERTIONS = NO;
				ENABLE_STRICT_OBJC_MSGSEND = YES;
				ENABLE_USER_SCRIPT_SANDBOXING = YES;
				GCC_C_LANGUAGE_STANDARD = gnu17;
				GCC_NO_COMMON_BLOCKS = YES;
				GCC_WARN_64_TO_32_BIT_CONVERSION = YES;
				GCC_WARN_ABOUT_RETURN_TYPE = YES_ERROR;
				GCC_WARN_UNDECLARED_SELECTOR = YES;
				GCC_WARN_UNINITIALIZED_AUTOS = YES_AGGRESSIVE;
				GCC_WARN_UNUSED_FUNCTION = YES;
				GCC_WARN_UNUSED_VARIABLE = YES;
				IPHONEOS_DEPLOYMENT_TARGET = 17.5;
				LOCALIZATION_PREFERS_STRING_CATALOGS = YES;
				MTL_ENABLE_DEBUG_INFO = NO;
				MTL_FAST_MATH = YES;
				SDKROOT = iphoneos;
				SWIFT_COMPILATION_MODE = wholemodule;
				VALIDATE_PRODUCT = YES;
			};
			name = Release;
		};
		065952362C67276F0048821E /* Debug */ = {
			isa = XCBuildConfiguration;
			buildSettings = {
				ASSETCATALOG_COMPILER_APPICON_NAME = AppIcon;
				ASSETCATALOG_COMPILER_GLOBAL_ACCENT_COLOR_NAME = AccentColor;
				CODE_SIGN_STYLE = Automatic;
				CURRENT_PROJECT_VERSION = 1;
				DEVELOPMENT_TEAM = G9LS4YQCM2;
				GENERATE_INFOPLIST_FILE = YES;
				INFOPLIST_FILE = AppstoreProject/Info.plist;
				INFOPLIST_KEY_UIApplicationSupportsIndirectInputEvents = YES;
				INFOPLIST_KEY_UILaunchStoryboardName = LaunchScreen;
				INFOPLIST_KEY_UISupportedInterfaceOrientations = UIInterfaceOrientationPortrait;
				INFOPLIST_KEY_UISupportedInterfaceOrientations_iPad = "UIInterfaceOrientationLandscapeLeft UIInterfaceOrientationLandscapeRight UIInterfaceOrientationPortrait UIInterfaceOrientationPortraitUpsideDown";
				IPHONEOS_DEPLOYMENT_TARGET = 15.0;
				LD_RUNPATH_SEARCH_PATHS = (
					"$(inherited)",
					"@executable_path/Frameworks",
				);
				MARKETING_VERSION = 1.0;
				PRODUCT_BUNDLE_IDENTIFIER = com.Sixteenis.AppstoreProject;
				PRODUCT_NAME = "$(TARGET_NAME)";
				SUPPORTED_PLATFORMS = "iphoneos iphonesimulator";
				SUPPORTS_MACCATALYST = NO;
				SUPPORTS_MAC_DESIGNED_FOR_IPHONE_IPAD = NO;
				SUPPORTS_XR_DESIGNED_FOR_IPHONE_IPAD = NO;
				SWIFT_EMIT_LOC_STRINGS = YES;
				SWIFT_VERSION = 5.0;
				TARGETED_DEVICE_FAMILY = 1;
			};
			name = Debug;
		};
		065952372C67276F0048821E /* Release */ = {
			isa = XCBuildConfiguration;
			buildSettings = {
				ASSETCATALOG_COMPILER_APPICON_NAME = AppIcon;
				ASSETCATALOG_COMPILER_GLOBAL_ACCENT_COLOR_NAME = AccentColor;
				CODE_SIGN_STYLE = Automatic;
				CURRENT_PROJECT_VERSION = 1;
				DEVELOPMENT_TEAM = G9LS4YQCM2;
				GENERATE_INFOPLIST_FILE = YES;
				INFOPLIST_FILE = AppstoreProject/Info.plist;
				INFOPLIST_KEY_UIApplicationSupportsIndirectInputEvents = YES;
				INFOPLIST_KEY_UILaunchStoryboardName = LaunchScreen;
				INFOPLIST_KEY_UISupportedInterfaceOrientations = UIInterfaceOrientationPortrait;
				INFOPLIST_KEY_UISupportedInterfaceOrientations_iPad = "UIInterfaceOrientationLandscapeLeft UIInterfaceOrientationLandscapeRight UIInterfaceOrientationPortrait UIInterfaceOrientationPortraitUpsideDown";
				IPHONEOS_DEPLOYMENT_TARGET = 15.0;
				LD_RUNPATH_SEARCH_PATHS = (
					"$(inherited)",
					"@executable_path/Frameworks",
				);
				MARKETING_VERSION = 1.0;
				PRODUCT_BUNDLE_IDENTIFIER = com.Sixteenis.AppstoreProject;
				PRODUCT_NAME = "$(TARGET_NAME)";
				SUPPORTED_PLATFORMS = "iphoneos iphonesimulator";
				SUPPORTS_MACCATALYST = NO;
				SUPPORTS_MAC_DESIGNED_FOR_IPHONE_IPAD = NO;
				SUPPORTS_XR_DESIGNED_FOR_IPHONE_IPAD = NO;
				SWIFT_EMIT_LOC_STRINGS = YES;
				SWIFT_VERSION = 5.0;
				TARGETED_DEVICE_FAMILY = 1;
			};
			name = Release;
		};
/* End XCBuildConfiguration section */

/* Begin XCConfigurationList section */
		0659521C2C67276D0048821E /* Build configuration list for PBXProject "AppstoreProject" */ = {
			isa = XCConfigurationList;
			buildConfigurations = (
				065952332C67276F0048821E /* Debug */,
				065952342C67276F0048821E /* Release */,
			);
			defaultConfigurationIsVisible = 0;
			defaultConfigurationName = Release;
		};
		065952352C67276F0048821E /* Build configuration list for PBXNativeTarget "AppstoreProject" */ = {
			isa = XCConfigurationList;
			buildConfigurations = (
				065952362C67276F0048821E /* Debug */,
				065952372C67276F0048821E /* Release */,
			);
			defaultConfigurationIsVisible = 0;
			defaultConfigurationName = Release;
		};
/* End XCConfigurationList section */

/* Begin XCRemoteSwiftPackageReference section */
		065952562C6741F30048821E /* XCRemoteSwiftPackageReference "Then" */ = {
			isa = XCRemoteSwiftPackageReference;
			repositoryURL = "https://github.com/devxoul/Then.git";
			requirement = {
				kind = upToNextMajorVersion;
				minimumVersion = 3.0.0;
			};
		};
		065952592C6742080048821E /* XCRemoteSwiftPackageReference "RxSwift" */ = {
			isa = XCRemoteSwiftPackageReference;
			repositoryURL = "https://github.com/ReactiveX/RxSwift.git";
			requirement = {
				kind = upToNextMajorVersion;
				minimumVersion = 6.7.1;
			};
		};
		0659525E2C6742120048821E /* XCRemoteSwiftPackageReference "Kingfisher" */ = {
			isa = XCRemoteSwiftPackageReference;
			repositoryURL = "https://github.com/onevcat/Kingfisher.git";
			requirement = {
				kind = upToNextMajorVersion;
				minimumVersion = 7.12.0;
			};
		};
		065952612C67421A0048821E /* XCRemoteSwiftPackageReference "SnapKit" */ = {
			isa = XCRemoteSwiftPackageReference;
			repositoryURL = "https://github.com/SnapKit/SnapKit.git";
			requirement = {
				kind = upToNextMajorVersion;
				minimumVersion = 5.7.1;
			};
		};
		065952642C6742270048821E /* XCRemoteSwiftPackageReference "IQKeyboardManager" */ = {
			isa = XCRemoteSwiftPackageReference;
			repositoryURL = "https://github.com/hackiftekhar/IQKeyboardManager.git";
			requirement = {
				kind = upToNextMajorVersion;
				minimumVersion = 7.1.1;
			};
		};
/* End XCRemoteSwiftPackageReference section */

/* Begin XCSwiftPackageProductDependency section */
		065952572C6741F30048821E /* Then */ = {
			isa = XCSwiftPackageProductDependency;
			package = 065952562C6741F30048821E /* XCRemoteSwiftPackageReference "Then" */;
			productName = Then;
		};
		0659525A2C6742080048821E /* RxCocoa */ = {
			isa = XCSwiftPackageProductDependency;
			package = 065952592C6742080048821E /* XCRemoteSwiftPackageReference "RxSwift" */;
			productName = RxCocoa;
		};
		0659525C2C6742080048821E /* RxSwift */ = {
			isa = XCSwiftPackageProductDependency;
			package = 065952592C6742080048821E /* XCRemoteSwiftPackageReference "RxSwift" */;
			productName = RxSwift;
		};
		0659525F2C6742120048821E /* Kingfisher */ = {
			isa = XCSwiftPackageProductDependency;
			package = 0659525E2C6742120048821E /* XCRemoteSwiftPackageReference "Kingfisher" */;
			productName = Kingfisher;
		};
		065952622C67421A0048821E /* SnapKit */ = {
			isa = XCSwiftPackageProductDependency;
			package = 065952612C67421A0048821E /* XCRemoteSwiftPackageReference "SnapKit" */;
			productName = SnapKit;
		};
		065952652C6742270048821E /* IQKeyboardManagerSwift */ = {
			isa = XCSwiftPackageProductDependency;
			package = 065952642C6742270048821E /* XCRemoteSwiftPackageReference "IQKeyboardManager" */;
			productName = IQKeyboardManagerSwift;
		};
/* End XCSwiftPackageProductDependency section */
	};
	rootObject = 065952192C67276D0048821E /* Project object */;
}
